Microsoft Visual Studio Solution File, Format Version 12.00
# Visual Studio Version 17
VisualStudioVersion = 17.5.2.0
MinimumVisualStudioVersion = 10.0.40219.1
Project("{FAE04EC0-301F-11D3-BF4B-00C04F79EFBC}") = "SneakerStoreAPI", "SneakerStoreAPI\SneakerStoreAPI.csproj", "{7451F093-730E-6067-30FD-EB996AFBE4AF}"
EndProject
Global
	GlobalSection(SolutionConfigurationPlatforms) = preSolution
		Debug|Any CPU = Debug|Any CPU
		Release|Any CPU = Release|Any CPU
	EndGlobalSection
	GlobalSection(ProjectConfigurationPlatforms) = postSolution
		{7451F093-730E-6067-30FD-EB996AFBE4AF}.Debug|Any CPU.ActiveCfg = Debug|Any CPU
		{7451F093-730E-6067-30FD-EB996AFBE4AF}.Debug|Any CPU.Build.0 = Debug|Any CPU
		{7451F093-730E-6067-30FD-EB996AFBE4AF}.Release|Any CPU.ActiveCfg = Release|Any CPU
		{7451F093-730E-6067-30FD-EB996AFBE4AF}.Release|Any CPU.Build.0 = Release|Any CPU
	EndGlobalSection
	GlobalSection(SolutionProperties) = preSolution
		HideSolutionNode = FALSE
	EndGlobalSection
	GlobalSection(ExtensibilityGlobals) = postSolution
		SolutionGuid = {15F4D6E1-AC7C-4532-8A98-479E2B517FAB}
	EndGlobalSection
EndGlobal
